// !$*UTF8*$!
{
	archiveVersion = 1;
	classes = {
	};
	objectVersion = 56;
	objects = {

/* Begin PBXBuildFile section */
		641546D02882135F005E9020 /* weight_tracker_appApp.swift in Sources */ = {isa = PBXBuildFile; fileRef = 641546CF2882135F005E9020 /* weight_tracker_appApp.swift */; };
		641546D22882135F005E9020 /* ContentView.swift in Sources */ = {isa = PBXBuildFile; fileRef = 641546D12882135F005E9020 /* ContentView.swift */; };
		641546D428821360005E9020 /* Assets.xcassets in Resources */ = {isa = PBXBuildFile; fileRef = 641546D328821360005E9020 /* Assets.xcassets */; };
		641546D728821360005E9020 /* Preview Assets.xcassets in Resources */ = {isa = PBXBuildFile; fileRef = 641546D628821360005E9020 /* Preview Assets.xcassets */; };
		641546E128821360005E9020 /* weight_tracker_appTests.swift in Sources */ = {isa = PBXBuildFile; fileRef = 641546E028821360005E9020 /* weight_tracker_appTests.swift */; };
		641546EB28821360005E9020 /* weight_tracker_appUITests.swift in Sources */ = {isa = PBXBuildFile; fileRef = 641546EA28821360005E9020 /* weight_tracker_appUITests.swift */; };
		641546ED28821360005E9020 /* weight_tracker_appUITestsLaunchTests.swift in Sources */ = {isa = PBXBuildFile; fileRef = 641546EC28821360005E9020 /* weight_tracker_appUITestsLaunchTests.swift */; };
		641546FA28821886005E9020 /* HomeView.swift in Sources */ = {isa = PBXBuildFile; fileRef = 641546F928821886005E9020 /* HomeView.swift */; };
		6431D101288B0A5100437FCF /* TestView.swift in Sources */ = {isa = PBXBuildFile; fileRef = 6431D100288B0A5100437FCF /* TestView.swift */; };
		6431D117288C78ED00437FCF /* Montserrat-VariableFont_wght.ttf in Resources */ = {isa = PBXBuildFile; fileRef = 6431D103288C78ED00437FCF /* Montserrat-VariableFont_wght.ttf */; };
		6431D118288C78ED00437FCF /* Montserrat-Italic-VariableFont_wght.ttf in Resources */ = {isa = PBXBuildFile; fileRef = 6431D104288C78ED00437FCF /* Montserrat-Italic-VariableFont_wght.ttf */; };
		6431D119288C78ED00437FCF /* Montserrat-LightItalic.ttf in Resources */ = {isa = PBXBuildFile; fileRef = 6431D105288C78ED00437FCF /* Montserrat-LightItalic.ttf */; };
		6431D11A288C78ED00437FCF /* Montserrat-Medium.ttf in Resources */ = {isa = PBXBuildFile; fileRef = 6431D106288C78ED00437FCF /* Montserrat-Medium.ttf */; };
		6431D11B288C78ED00437FCF /* Montserrat-BoldItalic.ttf in Resources */ = {isa = PBXBuildFile; fileRef = 6431D107288C78ED00437FCF /* Montserrat-BoldItalic.ttf */; };
		6431D11C288C78ED00437FCF /* Montserrat-Light.ttf in Resources */ = {isa = PBXBuildFile; fileRef = 6431D108288C78ED00437FCF /* Montserrat-Light.ttf */; };
		6431D11D288C78ED00437FCF /* Montserrat-ThinItalic.ttf in Resources */ = {isa = PBXBuildFile; fileRef = 6431D109288C78ED00437FCF /* Montserrat-ThinItalic.ttf */; };
		6431D11E288C78ED00437FCF /* Montserrat-ExtraLight.ttf in Resources */ = {isa = PBXBuildFile; fileRef = 6431D10A288C78ED00437FCF /* Montserrat-ExtraLight.ttf */; };
		6431D11F288C78ED00437FCF /* Montserrat-Thin.ttf in Resources */ = {isa = PBXBuildFile; fileRef = 6431D10B288C78ED00437FCF /* Montserrat-Thin.ttf */; };
		6431D120288C78ED00437FCF /* Montserrat-Bold.ttf in Resources */ = {isa = PBXBuildFile; fileRef = 6431D10C288C78ED00437FCF /* Montserrat-Bold.ttf */; };
		6431D121288C78ED00437FCF /* Montserrat-MediumItalic.ttf in Resources */ = {isa = PBXBuildFile; fileRef = 6431D10D288C78ED00437FCF /* Montserrat-MediumItalic.ttf */; };
		6431D122288C78ED00437FCF /* Montserrat-BlackItalic.ttf in Resources */ = {isa = PBXBuildFile; fileRef = 6431D10E288C78ED00437FCF /* Montserrat-BlackItalic.ttf */; };
		6431D123288C78ED00437FCF /* Montserrat-SemiBold.ttf in Resources */ = {isa = PBXBuildFile; fileRef = 6431D10F288C78ED00437FCF /* Montserrat-SemiBold.ttf */; };
		6431D124288C78ED00437FCF /* Montserrat-ExtraLightItalic.ttf in Resources */ = {isa = PBXBuildFile; fileRef = 6431D110288C78ED00437FCF /* Montserrat-ExtraLightItalic.ttf */; };
		6431D125288C78ED00437FCF /* Montserrat-ExtraBold.ttf in Resources */ = {isa = PBXBuildFile; fileRef = 6431D111288C78ED00437FCF /* Montserrat-ExtraBold.ttf */; };
		6431D126288C78ED00437FCF /* Montserrat-Black.ttf in Resources */ = {isa = PBXBuildFile; fileRef = 6431D112288C78ED00437FCF /* Montserrat-Black.ttf */; };
		6431D127288C78ED00437FCF /* Montserrat-Regular.ttf in Resources */ = {isa = PBXBuildFile; fileRef = 6431D113288C78ED00437FCF /* Montserrat-Regular.ttf */; };
		6431D128288C78ED00437FCF /* Montserrat-Italic.ttf in Resources */ = {isa = PBXBuildFile; fileRef = 6431D114288C78ED00437FCF /* Montserrat-Italic.ttf */; };
		6431D129288C78ED00437FCF /* Montserrat-SemiBoldItalic.ttf in Resources */ = {isa = PBXBuildFile; fileRef = 6431D115288C78ED00437FCF /* Montserrat-SemiBoldItalic.ttf */; };
		6431D12A288C78ED00437FCF /* Montserrat-ExtraBoldItalic.ttf in Resources */ = {isa = PBXBuildFile; fileRef = 6431D116288C78ED00437FCF /* Montserrat-ExtraBoldItalic.ttf */; };
		6431D12D288C808C00437FCF /* AppFont.swift in Sources */ = {isa = PBXBuildFile; fileRef = 6431D12C288C808C00437FCF /* AppFont.swift */; };
		6431D12F288DBF4F00437FCF /* AppColor.swift in Sources */ = {isa = PBXBuildFile; fileRef = 6431D12E288DBF4E00437FCF /* AppColor.swift */; };
		64BF22EE2899CAE000BA6536 /* SwiftUICharts in Frameworks */ = {isa = PBXBuildFile; productRef = 64BF22ED2899CAE000BA6536 /* SwiftUICharts */; };
		64D64EC92893F27B001D216E /* SettingsView.swift in Sources */ = {isa = PBXBuildFile; fileRef = 64D64EC82893F27B001D216E /* SettingsView.swift */; };
		64D64F0428941FB7001D216E /* ProfileView.swift in Sources */ = {isa = PBXBuildFile; fileRef = 64D64F0328941FB7001D216E /* ProfileView.swift */; };
		64D64F06289446BF001D216E /* CalendarView.swift in Sources */ = {isa = PBXBuildFile; fileRef = 64D64F05289446BF001D216E /* CalendarView.swift */; };
		64D64F08289446E7001D216E /* AnalysisView.swift in Sources */ = {isa = PBXBuildFile; fileRef = 64D64F07289446E7001D216E /* AnalysisView.swift */; };
/* End PBXBuildFile section */

/* Begin PBXContainerItemProxy section */
		641546DD28821360005E9020 /* PBXContainerItemProxy */ = {
			isa = PBXContainerItemProxy;
			containerPortal = 641546C42882135F005E9020 /* Project object */;
			proxyType = 1;
			remoteGlobalIDString = 641546CB2882135F005E9020;
			remoteInfo = weight_tracker_app;
		};
		641546E728821360005E9020 /* PBXContainerItemProxy */ = {
			isa = PBXContainerItemProxy;
			containerPortal = 641546C42882135F005E9020 /* Project object */;
			proxyType = 1;
			remoteGlobalIDString = 641546CB2882135F005E9020;
			remoteInfo = weight_tracker_app;
		};
/* End PBXContainerItemProxy section */

/* Begin PBXFileReference section */
		641546CC2882135F005E9020 /* weight_tracker_app.app */ = {isa = PBXFileReference; explicitFileType = wrapper.application; includeInIndex = 0; path = weight_tracker_app.app; sourceTree = BUILT_PRODUCTS_DIR; };
		641546CF2882135F005E9020 /* weight_tracker_appApp.swift */ = {isa = PBXFileReference; lastKnownFileType = sourcecode.swift; path = weight_tracker_appApp.swift; sourceTree = "<group>"; };
		641546D12882135F005E9020 /* ContentView.swift */ = {isa = PBXFileReference; lastKnownFileType = sourcecode.swift; path = ContentView.swift; sourceTree = "<group>"; };
		641546D328821360005E9020 /* Assets.xcassets */ = {isa = PBXFileReference; lastKnownFileType = folder.assetcatalog; path = Assets.xcassets; sourceTree = "<group>"; };
		641546D628821360005E9020 /* Preview Assets.xcassets */ = {isa = PBXFileReference; lastKnownFileType = folder.assetcatalog; path = "Preview Assets.xcassets"; sourceTree = "<group>"; };
		641546DC28821360005E9020 /* weight_tracker_appTests.xctest */ = {isa = PBXFileReference; explicitFileType = wrapper.cfbundle; includeInIndex = 0; path = weight_tracker_appTests.xctest; sourceTree = BUILT_PRODUCTS_DIR; };
		641546E028821360005E9020 /* weight_tracker_appTests.swift */ = {isa = PBXFileReference; lastKnownFileType = sourcecode.swift; path = weight_tracker_appTests.swift; sourceTree = "<group>"; };
		641546E628821360005E9020 /* weight_tracker_appUITests.xctest */ = {isa = PBXFileReference; explicitFileType = wrapper.cfbundle; includeInIndex = 0; path = weight_tracker_appUITests.xctest; sourceTree = BUILT_PRODUCTS_DIR; };
		641546EA28821360005E9020 /* weight_tracker_appUITests.swift */ = {isa = PBXFileReference; lastKnownFileType = sourcecode.swift; path = weight_tracker_appUITests.swift; sourceTree = "<group>"; };
		641546EC28821360005E9020 /* weight_tracker_appUITestsLaunchTests.swift */ = {isa = PBXFileReference; lastKnownFileType = sourcecode.swift; path = weight_tracker_appUITestsLaunchTests.swift; sourceTree = "<group>"; };
		641546F928821886005E9020 /* HomeView.swift */ = {isa = PBXFileReference; lastKnownFileType = sourcecode.swift; path = HomeView.swift; sourceTree = "<group>"; };
		6431D100288B0A5100437FCF /* TestView.swift */ = {isa = PBXFileReference; lastKnownFileType = sourcecode.swift; path = TestView.swift; sourceTree = "<group>"; };
		6431D103288C78ED00437FCF /* Montserrat-VariableFont_wght.ttf */ = {isa = PBXFileReference; lastKnownFileType = file; path = "Montserrat-VariableFont_wght.ttf"; sourceTree = "<group>"; };
		6431D104288C78ED00437FCF /* Montserrat-Italic-VariableFont_wght.ttf */ = {isa = PBXFileReference; lastKnownFileType = file; path = "Montserrat-Italic-VariableFont_wght.ttf"; sourceTree = "<group>"; };
		6431D105288C78ED00437FCF /* Montserrat-LightItalic.ttf */ = {isa = PBXFileReference; lastKnownFileType = file; path = "Montserrat-LightItalic.ttf"; sourceTree = "<group>"; };
		6431D106288C78ED00437FCF /* Montserrat-Medium.ttf */ = {isa = PBXFileReference; lastKnownFileType = file; path = "Montserrat-Medium.ttf"; sourceTree = "<group>"; };
		6431D107288C78ED00437FCF /* Montserrat-BoldItalic.ttf */ = {isa = PBXFileReference; lastKnownFileType = file; path = "Montserrat-BoldItalic.ttf"; sourceTree = "<group>"; };
		6431D108288C78ED00437FCF /* Montserrat-Light.ttf */ = {isa = PBXFileReference; lastKnownFileType = file; path = "Montserrat-Light.ttf"; sourceTree = "<group>"; };
		6431D109288C78ED00437FCF /* Montserrat-ThinItalic.ttf */ = {isa = PBXFileReference; lastKnownFileType = file; path = "Montserrat-ThinItalic.ttf"; sourceTree = "<group>"; };
		6431D10A288C78ED00437FCF /* Montserrat-ExtraLight.ttf */ = {isa = PBXFileReference; lastKnownFileType = file; path = "Montserrat-ExtraLight.ttf"; sourceTree = "<group>"; };
		6431D10B288C78ED00437FCF /* Montserrat-Thin.ttf */ = {isa = PBXFileReference; lastKnownFileType = file; path = "Montserrat-Thin.ttf"; sourceTree = "<group>"; };
		6431D10C288C78ED00437FCF /* Montserrat-Bold.ttf */ = {isa = PBXFileReference; lastKnownFileType = file; path = "Montserrat-Bold.ttf"; sourceTree = "<group>"; };
		6431D10D288C78ED00437FCF /* Montserrat-MediumItalic.ttf */ = {isa = PBXFileReference; lastKnownFileType = file; path = "Montserrat-MediumItalic.ttf"; sourceTree = "<group>"; };
		6431D10E288C78ED00437FCF /* Montserrat-BlackItalic.ttf */ = {isa = PBXFileReference; lastKnownFileType = file; path = "Montserrat-BlackItalic.ttf"; sourceTree = "<group>"; };
		6431D10F288C78ED00437FCF /* Montserrat-SemiBold.ttf */ = {isa = PBXFileReference; lastKnownFileType = file; path = "Montserrat-SemiBold.ttf"; sourceTree = "<group>"; };
		6431D110288C78ED00437FCF /* Montserrat-ExtraLightItalic.ttf */ = {isa = PBXFileReference; lastKnownFileType = file; path = "Montserrat-ExtraLightItalic.ttf"; sourceTree = "<group>"; };
		6431D111288C78ED00437FCF /* Montserrat-ExtraBold.ttf */ = {isa = PBXFileReference; lastKnownFileType = file; path = "Montserrat-ExtraBold.ttf"; sourceTree = "<group>"; };
		6431D112288C78ED00437FCF /* Montserrat-Black.ttf */ = {isa = PBXFileReference; lastKnownFileType = file; path = "Montserrat-Black.ttf"; sourceTree = "<group>"; };
		6431D113288C78ED00437FCF /* Montserrat-Regular.ttf */ = {isa = PBXFileReference; lastKnownFileType = file; path = "Montserrat-Regular.ttf"; sourceTree = "<group>"; };
		6431D114288C78ED00437FCF /* Montserrat-Italic.ttf */ = {isa = PBXFileReference; lastKnownFileType = file; path = "Montserrat-Italic.ttf"; sourceTree = "<group>"; };
		6431D115288C78ED00437FCF /* Montserrat-SemiBoldItalic.ttf */ = {isa = PBXFileReference; lastKnownFileType = file; path = "Montserrat-SemiBoldItalic.ttf"; sourceTree = "<group>"; };
		6431D116288C78ED00437FCF /* Montserrat-ExtraBoldItalic.ttf */ = {isa = PBXFileReference; lastKnownFileType = file; path = "Montserrat-ExtraBoldItalic.ttf"; sourceTree = "<group>"; };
		6431D12B288C79F100437FCF /* weight-tracker-app-Info.plist */ = {isa = PBXFileReference; lastKnownFileType = text.plist; path = "weight-tracker-app-Info.plist"; sourceTree = SOURCE_ROOT; };
		6431D12C288C808C00437FCF /* AppFont.swift */ = {isa = PBXFileReference; lastKnownFileType = sourcecode.swift; path = AppFont.swift; sourceTree = "<group>"; };
		6431D12E288DBF4E00437FCF /* AppColor.swift */ = {isa = PBXFileReference; lastKnownFileType = sourcecode.swift; path = AppColor.swift; sourceTree = "<group>"; };
		64D64EC82893F27B001D216E /* SettingsView.swift */ = {isa = PBXFileReference; lastKnownFileType = sourcecode.swift; path = SettingsView.swift; sourceTree = "<group>"; };
		64D64F0328941FB7001D216E /* ProfileView.swift */ = {isa = PBXFileReference; lastKnownFileType = sourcecode.swift; path = ProfileView.swift; sourceTree = "<group>"; };
		64D64F05289446BF001D216E /* CalendarView.swift */ = {isa = PBXFileReference; lastKnownFileType = sourcecode.swift; path = CalendarView.swift; sourceTree = "<group>"; };
		64D64F07289446E7001D216E /* AnalysisView.swift */ = {isa = PBXFileReference; lastKnownFileType = sourcecode.swift; path = AnalysisView.swift; sourceTree = "<group>"; };
/* End PBXFileReference section */

/* Begin PBXFrameworksBuildPhase section */
		641546C92882135F005E9020 /* Frameworks */ = {
			isa = PBXFrameworksBuildPhase;
			buildActionMask = 2147483647;
			files = (
				64BF22EE2899CAE000BA6536 /* SwiftUICharts in Frameworks */,
			);
			runOnlyForDeploymentPostprocessing = 0;
		};
		641546D928821360005E9020 /* Frameworks */ = {
			isa = PBXFrameworksBuildPhase;
			buildActionMask = 2147483647;
			files = (
			);
			runOnlyForDeploymentPostprocessing = 0;
		};
		641546E328821360005E9020 /* Frameworks */ = {
			isa = PBXFrameworksBuildPhase;
			buildActionMask = 2147483647;
			files = (
			);
			runOnlyForDeploymentPostprocessing = 0;
		};
/* End PBXFrameworksBuildPhase section */

/* Begin PBXGroup section */
		641546C32882135F005E9020 = {
			isa = PBXGroup;
			children = (
				641546CE2882135F005E9020 /* weight_tracker_app */,
				641546DF28821360005E9020 /* weight_tracker_appTests */,
				641546E928821360005E9020 /* weight_tracker_appUITests */,
				641546CD2882135F005E9020 /* Products */,
			);
			sourceTree = "<group>";
		};
		641546CD2882135F005E9020 /* Products */ = {
			isa = PBXGroup;
			children = (
				641546CC2882135F005E9020 /* weight_tracker_app.app */,
				641546DC28821360005E9020 /* weight_tracker_appTests.xctest */,
				641546E628821360005E9020 /* weight_tracker_appUITests.xctest */,
			);
			name = Products;
			sourceTree = "<group>";
		};
		641546CE2882135F005E9020 /* weight_tracker_app */ = {
			isa = PBXGroup;
			children = (
				6431D12B288C79F100437FCF /* weight-tracker-app-Info.plist */,
				6431D102288C78ED00437FCF /* font */,
				641546CF2882135F005E9020 /* weight_tracker_appApp.swift */,
				641546D12882135F005E9020 /* ContentView.swift */,
				641546D328821360005E9020 /* Assets.xcassets */,
				641546D528821360005E9020 /* Preview Content */,
				641546F928821886005E9020 /* HomeView.swift */,
				6431D100288B0A5100437FCF /* TestView.swift */,
				6431D12C288C808C00437FCF /* AppFont.swift */,
				6431D12E288DBF4E00437FCF /* AppColor.swift */,
				64D64EC82893F27B001D216E /* SettingsView.swift */,
				64D64F0328941FB7001D216E /* ProfileView.swift */,
				64D64F05289446BF001D216E /* CalendarView.swift */,
				64D64F07289446E7001D216E /* AnalysisView.swift */,
			);
			path = weight_tracker_app;
			sourceTree = "<group>";
		};
		641546D528821360005E9020 /* Preview Content */ = {
			isa = PBXGroup;
			children = (
				641546D628821360005E9020 /* Preview Assets.xcassets */,
			);
			path = "Preview Content";
			sourceTree = "<group>";
		};
		641546DF28821360005E9020 /* weight_tracker_appTests */ = {
			isa = PBXGroup;
			children = (
				641546E028821360005E9020 /* weight_tracker_appTests.swift */,
			);
			path = weight_tracker_appTests;
			sourceTree = "<group>";
		};
		641546E928821360005E9020 /* weight_tracker_appUITests */ = {
			isa = PBXGroup;
			children = (
				641546EA28821360005E9020 /* weight_tracker_appUITests.swift */,
				641546EC28821360005E9020 /* weight_tracker_appUITestsLaunchTests.swift */,
			);
			path = weight_tracker_appUITests;
			sourceTree = "<group>";
		};
		6431D102288C78ED00437FCF /* font */ = {
			isa = PBXGroup;
			children = (
				6431D103288C78ED00437FCF /* Montserrat-VariableFont_wght.ttf */,
				6431D104288C78ED00437FCF /* Montserrat-Italic-VariableFont_wght.ttf */,
				6431D105288C78ED00437FCF /* Montserrat-LightItalic.ttf */,
				6431D106288C78ED00437FCF /* Montserrat-Medium.ttf */,
				6431D107288C78ED00437FCF /* Montserrat-BoldItalic.ttf */,
				6431D108288C78ED00437FCF /* Montserrat-Light.ttf */,
				6431D109288C78ED00437FCF /* Montserrat-ThinItalic.ttf */,
				6431D10A288C78ED00437FCF /* Montserrat-ExtraLight.ttf */,
				6431D10B288C78ED00437FCF /* Montserrat-Thin.ttf */,
				6431D10C288C78ED00437FCF /* Montserrat-Bold.ttf */,
				6431D10D288C78ED00437FCF /* Montserrat-MediumItalic.ttf */,
				6431D10E288C78ED00437FCF /* Montserrat-BlackItalic.ttf */,
				6431D10F288C78ED00437FCF /* Montserrat-SemiBold.ttf */,
				6431D110288C78ED00437FCF /* Montserrat-ExtraLightItalic.ttf */,
				6431D111288C78ED00437FCF /* Montserrat-ExtraBold.ttf */,
				6431D112288C78ED00437FCF /* Montserrat-Black.ttf */,
				6431D113288C78ED00437FCF /* Montserrat-Regular.ttf */,
				6431D114288C78ED00437FCF /* Montserrat-Italic.ttf */,
				6431D115288C78ED00437FCF /* Montserrat-SemiBoldItalic.ttf */,
				6431D116288C78ED00437FCF /* Montserrat-ExtraBoldItalic.ttf */,
			);
			path = font;
			sourceTree = "<group>";
		};
/* End PBXGroup section */

/* Begin PBXNativeTarget section */
		641546CB2882135F005E9020 /* weight_tracker_app */ = {
			isa = PBXNativeTarget;
			buildConfigurationList = 641546F028821360005E9020 /* Build configuration list for PBXNativeTarget "weight_tracker_app" */;
			buildPhases = (
				641546C82882135F005E9020 /* Sources */,
				641546C92882135F005E9020 /* Frameworks */,
				641546CA2882135F005E9020 /* Resources */,
			);
			buildRules = (
			);
			dependencies = (
			);
			name = weight_tracker_app;
			packageProductDependencies = (
				64BF22ED2899CAE000BA6536 /* SwiftUICharts */,
			);
			productName = weight_tracker_app;
			productReference = 641546CC2882135F005E9020 /* weight_tracker_app.app */;
			productType = "com.apple.product-type.application";
		};
		641546DB28821360005E9020 /* weight_tracker_appTests */ = {
			isa = PBXNativeTarget;
			buildConfigurationList = 641546F328821360005E9020 /* Build configuration list for PBXNativeTarget "weight_tracker_appTests" */;
			buildPhases = (
				641546D828821360005E9020 /* Sources */,
				641546D928821360005E9020 /* Frameworks */,
				641546DA28821360005E9020 /* Resources */,
			);
			buildRules = (
			);
			dependencies = (
				641546DE28821360005E9020 /* PBXTargetDependency */,
			);
			name = weight_tracker_appTests;
			productName = weight_tracker_appTests;
			productReference = 641546DC28821360005E9020 /* weight_tracker_appTests.xctest */;
			productType = "com.apple.product-type.bundle.unit-test";
		};
		641546E528821360005E9020 /* weight_tracker_appUITests */ = {
			isa = PBXNativeTarget;
			buildConfigurationList = 641546F628821360005E9020 /* Build configuration list for PBXNativeTarget "weight_tracker_appUITests" */;
			buildPhases = (
				641546E228821360005E9020 /* Sources */,
				641546E328821360005E9020 /* Frameworks */,
				641546E428821360005E9020 /* Resources */,
			);
			buildRules = (
			);
			dependencies = (
				641546E828821360005E9020 /* PBXTargetDependency */,
			);
			name = weight_tracker_appUITests;
			productName = weight_tracker_appUITests;
			productReference = 641546E628821360005E9020 /* weight_tracker_appUITests.xctest */;
			productType = "com.apple.product-type.bundle.ui-testing";
		};
/* End PBXNativeTarget section */

/* Begin PBXProject section */
		641546C42882135F005E9020 /* Project object */ = {
			isa = PBXProject;
			attributes = {
				BuildIndependentTargetsInParallel = 1;
				LastSwiftUpdateCheck = 1400;
				LastUpgradeCheck = 1400;
				TargetAttributes = {
					641546CB2882135F005E9020 = {
						CreatedOnToolsVersion = 14.0;
					};
					641546DB28821360005E9020 = {
						CreatedOnToolsVersion = 14.0;
						TestTargetID = 641546CB2882135F005E9020;
					};
					641546E528821360005E9020 = {
						CreatedOnToolsVersion = 14.0;
						TestTargetID = 641546CB2882135F005E9020;
					};
				};
			};
			buildConfigurationList = 641546C72882135F005E9020 /* Build configuration list for PBXProject "weight_tracker_app" */;
			compatibilityVersion = "Xcode 14.0";
			developmentRegion = en;
			hasScannedForEncodings = 0;
			knownRegions = (
				en,
				Base,
			);
			mainGroup = 641546C32882135F005E9020;
			packageReferences = (
				64BF22EC2899CAE000BA6536 /* XCRemoteSwiftPackageReference "ChartView" */,
			);
			productRefGroup = 641546CD2882135F005E9020 /* Products */;
			projectDirPath = "";
			projectRoot = "";
			targets = (
				641546CB2882135F005E9020 /* weight_tracker_app */,
				641546DB28821360005E9020 /* weight_tracker_appTests */,
				641546E528821360005E9020 /* weight_tracker_appUITests */,
			);
		};
/* End PBXProject section */

/* Begin PBXResourcesBuildPhase section */
		641546CA2882135F005E9020 /* Resources */ = {
			isa = PBXResourcesBuildPhase;
			buildActionMask = 2147483647;
			files = (
				6431D129288C78ED00437FCF /* Montserrat-SemiBoldItalic.ttf in Resources */,
				6431D125288C78ED00437FCF /* Montserrat-ExtraBold.ttf in Resources */,
				6431D118288C78ED00437FCF /* Montserrat-Italic-VariableFont_wght.ttf in Resources */,
				6431D122288C78ED00437FCF /* Montserrat-BlackItalic.ttf in Resources */,
				6431D121288C78ED00437FCF /* Montserrat-MediumItalic.ttf in Resources */,
				6431D11B288C78ED00437FCF /* Montserrat-BoldItalic.ttf in Resources */,
				641546D728821360005E9020 /* Preview Assets.xcassets in Resources */,
				6431D117288C78ED00437FCF /* Montserrat-VariableFont_wght.ttf in Resources */,
				6431D127288C78ED00437FCF /* Montserrat-Regular.ttf in Resources */,
				6431D11C288C78ED00437FCF /* Montserrat-Light.ttf in Resources */,
				6431D11D288C78ED00437FCF /* Montserrat-ThinItalic.ttf in Resources */,
				6431D119288C78ED00437FCF /* Montserrat-LightItalic.ttf in Resources */,
				6431D124288C78ED00437FCF /* Montserrat-ExtraLightItalic.ttf in Resources */,
				6431D123288C78ED00437FCF /* Montserrat-SemiBold.ttf in Resources */,
				6431D11F288C78ED00437FCF /* Montserrat-Thin.ttf in Resources */,
				6431D120288C78ED00437FCF /* Montserrat-Bold.ttf in Resources */,
				6431D128288C78ED00437FCF /* Montserrat-Italic.ttf in Resources */,
				6431D11A288C78ED00437FCF /* Montserrat-Medium.ttf in Resources */,
				641546D428821360005E9020 /* Assets.xcassets in Resources */,
				6431D11E288C78ED00437FCF /* Montserrat-ExtraLight.ttf in Resources */,
				6431D126288C78ED00437FCF /* Montserrat-Black.ttf in Resources */,
				6431D12A288C78ED00437FCF /* Montserrat-ExtraBoldItalic.ttf in Resources */,
			);
			runOnlyForDeploymentPostprocessing = 0;
		};
		641546DA28821360005E9020 /* Resources */ = {
			isa = PBXResourcesBuildPhase;
			buildActionMask = 2147483647;
			files = (
			);
			runOnlyForDeploymentPostprocessing = 0;
		};
		641546E428821360005E9020 /* Resources */ = {
			isa = PBXResourcesBuildPhase;
			buildActionMask = 2147483647;
			files = (
			);
			runOnlyForDeploymentPostprocessing = 0;
		};
/* End PBXResourcesBuildPhase section */

/* Begin PBXSourcesBuildPhase section */
		641546C82882135F005E9020 /* Sources */ = {
			isa = PBXSourcesBuildPhase;
			buildActionMask = 2147483647;
			files = (
				64D64F0428941FB7001D216E /* ProfileView.swift in Sources */,
				64D64EC92893F27B001D216E /* SettingsView.swift in Sources */,
				64D64F08289446E7001D216E /* AnalysisView.swift in Sources */,
				6431D101288B0A5100437FCF /* TestView.swift in Sources */,
				6431D12D288C808C00437FCF /* AppFont.swift in Sources */,
				641546FA28821886005E9020 /* HomeView.swift in Sources */,
				64D64F06289446BF001D216E /* CalendarView.swift in Sources */,
				641546D22882135F005E9020 /* ContentView.swift in Sources */,
				641546D02882135F005E9020 /* weight_tracker_appApp.swift in Sources */,
				6431D12F288DBF4F00437FCF /* AppColor.swift in Sources */,
			);
			runOnlyForDeploymentPostprocessing = 0;
		};
		641546D828821360005E9020 /* Sources */ = {
			isa = PBXSourcesBuildPhase;
			buildActionMask = 2147483647;
			files = (
				641546E128821360005E9020 /* weight_tracker_appTests.swift in Sources */,
			);
			runOnlyForDeploymentPostprocessing = 0;
		};
		641546E228821360005E9020 /* Sources */ = {
			isa = PBXSourcesBuildPhase;
			buildActionMask = 2147483647;
			files = (
				641546EB28821360005E9020 /* weight_tracker_appUITests.swift in Sources */,
				641546ED28821360005E9020 /* weight_tracker_appUITestsLaunchTests.swift in Sources */,
			);
			runOnlyForDeploymentPostprocessing = 0;
		};
/* End PBXSourcesBuildPhase section */

/* Begin PBXTargetDependency section */
		641546DE28821360005E9020 /* PBXTargetDependency */ = {
			isa = PBXTargetDependency;
			target = 641546CB2882135F005E9020 /* weight_tracker_app */;
			targetProxy = 641546DD28821360005E9020 /* PBXContainerItemProxy */;
		};
		641546E828821360005E9020 /* PBXTargetDependency */ = {
			isa = PBXTargetDependency;
			target = 641546CB2882135F005E9020 /* weight_tracker_app */;
			targetProxy = 641546E728821360005E9020 /* PBXContainerItemProxy */;
		};
/* End PBXTargetDependency section */

/* Begin XCBuildConfiguration section */
		641546EE28821360005E9020 /* Debug */ = {
			isa = XCBuildConfiguration;
			buildSettings = {
				ALWAYS_SEARCH_USER_PATHS = NO;
				CLANG_ANALYZER_NONNULL = YES;
				CLANG_ANALYZER_NUMBER_OBJECT_CONVERSION = YES_AGGRESSIVE;
				CLANG_CXX_LANGUAGE_STANDARD = "gnu++20";
				CLANG_ENABLE_MODULES = YES;
				CLANG_ENABLE_OBJC_ARC = YES;
				CLANG_ENABLE_OBJC_WEAK = YES;
				CLANG_WARN_BLOCK_CAPTURE_AUTORELEASING = YES;
				CLANG_WARN_BOOL_CONVERSION = YES;
				CLANG_WARN_COMMA = YES;
				CLANG_WARN_CONSTANT_CONVERSION = YES;
				CLANG_WARN_DEPRECATED_OBJC_IMPLEMENTATIONS = YES;
				CLANG_WARN_DIRECT_OBJC_ISA_USAGE = YES_ERROR;
				CLANG_WARN_DOCUMENTATION_COMMENTS = YES;
				CLANG_WARN_EMPTY_BODY = YES;
				CLANG_WARN_ENUM_CONVERSION = YES;
				CLANG_WARN_INFINITE_RECURSION = YES;
				CLANG_WARN_INT_CONVERSION = YES;
				CLANG_WARN_NON_LITERAL_NULL_CONVERSION = YES;
				CLANG_WARN_OBJC_IMPLICIT_RETAIN_SELF = YES;
				CLANG_WARN_OBJC_LITERAL_CONVERSION = YES;
				CLANG_WARN_OBJC_ROOT_CLASS = YES_ERROR;
				CLANG_WARN_QUOTED_INCLUDE_IN_FRAMEWORK_HEADER = YES;
				CLANG_WARN_RANGE_LOOP_ANALYSIS = YES;
				CLANG_WARN_STRICT_PROTOTYPES = YES;
				CLANG_WARN_SUSPICIOUS_MOVE = YES;
				CLANG_WARN_UNGUARDED_AVAILABILITY = YES_AGGRESSIVE;
				CLANG_WARN_UNREACHABLE_CODE = YES;
				CLANG_WARN__DUPLICATE_METHOD_MATCH = YES;
				COPY_PHASE_STRIP = NO;
				DEBUG_INFORMATION_FORMAT = dwarf;
				ENABLE_STRICT_OBJC_MSGSEND = YES;
				ENABLE_TESTABILITY = YES;
				GCC_C_LANGUAGE_STANDARD = gnu11;
				GCC_DYNAMIC_NO_PIC = NO;
				GCC_NO_COMMON_BLOCKS = YES;
				GCC_OPTIMIZATION_LEVEL = 0;
				GCC_PREPROCESSOR_DEFINITIONS = (
					"DEBUG=1",
					"$(inherited)",
				);
				GCC_WARN_64_TO_32_BIT_CONVERSION = YES;
				GCC_WARN_ABOUT_RETURN_TYPE = YES_ERROR;
				GCC_WARN_UNDECLARED_SELECTOR = YES;
				GCC_WARN_UNINITIALIZED_AUTOS = YES_AGGRESSIVE;
				GCC_WARN_UNUSED_FUNCTION = YES;
				GCC_WARN_UNUSED_VARIABLE = YES;
				IPHONEOS_DEPLOYMENT_TARGET = 16.0;
				MTL_ENABLE_DEBUG_INFO = INCLUDE_SOURCE;
				MTL_FAST_MATH = YES;
				ONLY_ACTIVE_ARCH = YES;
				SDKROOT = iphoneos;
				SWIFT_ACTIVE_COMPILATION_CONDITIONS = DEBUG;
				SWIFT_OPTIMIZATION_LEVEL = "-Onone";
			};
			name = Debug;
		};
		641546EF28821360005E9020 /* Release */ = {
			isa = XCBuildConfiguration;
			buildSettings = {
				ALWAYS_SEARCH_USER_PATHS = NO;
				CLANG_ANALYZER_NONNULL = YES;
				CLANG_ANALYZER_NUMBER_OBJECT_CONVERSION = YES_AGGRESSIVE;
				CLANG_CXX_LANGUAGE_STANDARD = "gnu++20";
				CLANG_ENABLE_MODULES = YES;
				CLANG_ENABLE_OBJC_ARC = YES;
				CLANG_ENABLE_OBJC_WEAK = YES;
				CLANG_WARN_BLOCK_CAPTURE_AUTORELEASING = YES;
				CLANG_WARN_BOOL_CONVERSION = YES;
				CLANG_WARN_COMMA = YES;
				CLANG_WARN_CONSTANT_CONVERSION = YES;
				CLANG_WARN_DEPRECATED_OBJC_IMPLEMENTATIONS = YES;
				CLANG_WARN_DIRECT_OBJC_ISA_USAGE = YES_ERROR;
				CLANG_WARN_DOCUMENTATION_COMMENTS = YES;
				CLANG_WARN_EMPTY_BODY = YES;
				CLANG_WARN_ENUM_CONVERSION = YES;
				CLANG_WARN_INFINITE_RECURSION = YES;
				CLANG_WARN_INT_CONVERSION = YES;
				CLANG_WARN_NON_LITERAL_NULL_CONVERSION = YES;
				CLANG_WARN_OBJC_IMPLICIT_RETAIN_SELF = YES;
				CLANG_WARN_OBJC_LITERAL_CONVERSION = YES;
				CLANG_WARN_OBJC_ROOT_CLASS = YES_ERROR;
				CLANG_WARN_QUOTED_INCLUDE_IN_FRAMEWORK_HEADER = YES;
				CLANG_WARN_RANGE_LOOP_ANALYSIS = YES;
				CLANG_WARN_STRICT_PROTOTYPES = YES;
				CLANG_WARN_SUSPICIOUS_MOVE = YES;
				CLANG_WARN_UNGUARDED_AVAILABILITY = YES_AGGRESSIVE;
				CLANG_WARN_UNREACHABLE_CODE = YES;
				CLANG_WARN__DUPLICATE_METHOD_MATCH = YES;
				COPY_PHASE_STRIP = NO;
				DEBUG_INFORMATION_FORMAT = "dwarf-with-dsym";
				ENABLE_NS_ASSERTIONS = NO;
				ENABLE_STRICT_OBJC_MSGSEND = YES;
				GCC_C_LANGUAGE_STANDARD = gnu11;
				GCC_NO_COMMON_BLOCKS = YES;
				GCC_WARN_64_TO_32_BIT_CONVERSION = YES;
				GCC_WARN_ABOUT_RETURN_TYPE = YES_ERROR;
				GCC_WARN_UNDECLARED_SELECTOR = YES;
				GCC_WARN_UNINITIALIZED_AUTOS = YES_AGGRESSIVE;
				GCC_WARN_UNUSED_FUNCTION = YES;
				GCC_WARN_UNUSED_VARIABLE = YES;
				IPHONEOS_DEPLOYMENT_TARGET = 16.0;
				MTL_ENABLE_DEBUG_INFO = NO;
				MTL_FAST_MATH = YES;
				SDKROOT = iphoneos;
				SWIFT_COMPILATION_MODE = wholemodule;
				SWIFT_OPTIMIZATION_LEVEL = "-O";
				VALIDATE_PRODUCT = YES;
			};
			name = Release;
		};
		641546F128821360005E9020 /* Debug */ = {
			isa = XCBuildConfiguration;
			buildSettings = {
				ASSETCATALOG_COMPILER_APPICON_NAME = AppIcon;
				ASSETCATALOG_COMPILER_GLOBAL_ACCENT_COLOR_NAME = AccentColor;
				CODE_SIGN_STYLE = Automatic;
				CURRENT_PROJECT_VERSION = 1;
				DEVELOPMENT_ASSET_PATHS = "\"weight_tracker_app/Preview Content\"";
				ENABLE_PREVIEWS = YES;
				GENERATE_INFOPLIST_FILE = YES;
				INFOPLIST_FILE = "weight-tracker-app-Info.plist";
				INFOPLIST_KEY_UIApplicationSceneManifest_Generation = YES;
				INFOPLIST_KEY_UIApplicationSupportsIndirectInputEvents = YES;
				INFOPLIST_KEY_UILaunchScreen_Generation = YES;
				INFOPLIST_KEY_UISupportedInterfaceOrientations_iPad = "UIInterfaceOrientationPortrait UIInterfaceOrientationPortraitUpsideDown UIInterfaceOrientationLandscapeLeft UIInterfaceOrientationLandscapeRight";
				INFOPLIST_KEY_UISupportedInterfaceOrientations_iPhone = "UIInterfaceOrientationPortrait UIInterfaceOrientationLandscapeLeft UIInterfaceOrientationLandscapeRight";
				LD_RUNPATH_SEARCH_PATHS = (
					"$(inherited)",
					"@executable_path/Frameworks",
				);
				MARKETING_VERSION = 1.0;
				PRODUCT_BUNDLE_IDENTIFIER = "weight-tracking-app.weight-tracker-app";
				PRODUCT_NAME = "$(TARGET_NAME)";
				SWIFT_EMIT_LOC_STRINGS = YES;
				SWIFT_VERSION = 5.0;
				TARGETED_DEVICE_FAMILY = "1,2";
			};
			name = Debug;
		};
		641546F228821360005E9020 /* Release */ = {
			isa = XCBuildConfiguration;
			buildSettings = {
				ASSETCATALOG_COMPILER_APPICON_NAME = AppIcon;
				ASSETCATALOG_COMPILER_GLOBAL_ACCENT_COLOR_NAME = AccentColor;
				CODE_SIGN_STYLE = Automatic;
				CURRENT_PROJECT_VERSION = 1;
				DEVELOPMENT_ASSET_PATHS = "\"weight_tracker_app/Preview Content\"";
				ENABLE_PREVIEWS = YES;
				GENERATE_INFOPLIST_FILE = YES;
				INFOPLIST_FILE = "weight-tracker-app-Info.plist";
				INFOPLIST_KEY_UIApplicationSceneManifest_Generation = YES;
				INFOPLIST_KEY_UIApplicationSupportsIndirectInputEvents = YES;
				INFOPLIST_KEY_UILaunchScreen_Generation = YES;
				INFOPLIST_KEY_UISupportedInterfaceOrientations_iPad = "UIInterfaceOrientationPortrait UIInterfaceOrientationPortraitUpsideDown UIInterfaceOrientationLandscapeLeft UIInterfaceOrientationLandscapeRight";
				INFOPLIST_KEY_UISupportedInterfaceOrientations_iPhone = "UIInterfaceOrientationPortrait UIInterfaceOrientationLandscapeLeft UIInterfaceOrientationLandscapeRight";
				LD_RUNPATH_SEARCH_PATHS = (
					"$(inherited)",
					"@executable_path/Frameworks",
				);
				MARKETING_VERSION = 1.0;
				PRODUCT_BUNDLE_IDENTIFIER = "weight-tracking-app.weight-tracker-app";
				PRODUCT_NAME = "$(TARGET_NAME)";
				SWIFT_EMIT_LOC_STRINGS = YES;
				SWIFT_VERSION = 5.0;
				TARGETED_DEVICE_FAMILY = "1,2";
			};
			name = Release;
		};
		641546F428821360005E9020 /* Debug */ = {
			isa = XCBuildConfiguration;
			buildSettings = {
				ALWAYS_EMBED_SWIFT_STANDARD_LIBRARIES = YES;
				BUNDLE_LOADER = "$(TEST_HOST)";
				CODE_SIGN_STYLE = Automatic;
				CURRENT_PROJECT_VERSION = 1;
				GENERATE_INFOPLIST_FILE = YES;
				IPHONEOS_DEPLOYMENT_TARGET = 16.0;
				MARKETING_VERSION = 1.0;
				PRODUCT_BUNDLE_IDENTIFIER = "weight-tracking-app.weight-tracker-appTests";
				PRODUCT_NAME = "$(TARGET_NAME)";
				SWIFT_EMIT_LOC_STRINGS = NO;
				SWIFT_VERSION = 5.0;
				TARGETED_DEVICE_FAMILY = "1,2";
				TEST_HOST = "$(BUILT_PRODUCTS_DIR)/weight_tracker_app.app/$(BUNDLE_EXECUTABLE_FOLDER_PATH)/weight_tracker_app";
			};
			name = Debug;
		};
		641546F528821360005E9020 /* Release */ = {
			isa = XCBuildConfiguration;
			buildSettings = {
				ALWAYS_EMBED_SWIFT_STANDARD_LIBRARIES = YES;
				BUNDLE_LOADER = "$(TEST_HOST)";
				CODE_SIGN_STYLE = Automatic;
				CURRENT_PROJECT_VERSION = 1;
				GENERATE_INFOPLIST_FILE = YES;
				IPHONEOS_DEPLOYMENT_TARGET = 16.0;
				MARKETING_VERSION = 1.0;
				PRODUCT_BUNDLE_IDENTIFIER = "weight-tracking-app.weight-tracker-appTests";
				PRODUCT_NAME = "$(TARGET_NAME)";
				SWIFT_EMIT_LOC_STRINGS = NO;
				SWIFT_VERSION = 5.0;
				TARGETED_DEVICE_FAMILY = "1,2";
				TEST_HOST = "$(BUILT_PRODUCTS_DIR)/weight_tracker_app.app/$(BUNDLE_EXECUTABLE_FOLDER_PATH)/weight_tracker_app";
			};
			name = Release;
		};
		641546F728821360005E9020 /* Debug */ = {
			isa = XCBuildConfiguration;
			buildSettings = {
				ALWAYS_EMBED_SWIFT_STANDARD_LIBRARIES = YES;
				CODE_SIGN_STYLE = Automatic;
				CURRENT_PROJECT_VERSION = 1;
				GENERATE_INFOPLIST_FILE = YES;
				MARKETING_VERSION = 1.0;
				PRODUCT_BUNDLE_IDENTIFIER = "weight-tracking-app.weight-tracker-appUITests";
				PRODUCT_NAME = "$(TARGET_NAME)";
				SWIFT_EMIT_LOC_STRINGS = NO;
				SWIFT_VERSION = 5.0;
				TARGETED_DEVICE_FAMILY = "1,2";
				TEST_TARGET_NAME = weight_tracker_app;
			};
			name = Debug;
		};
		641546F828821360005E9020 /* Release */ = {
			isa = XCBuildConfiguration;
			buildSettings = {
				ALWAYS_EMBED_SWIFT_STANDARD_LIBRARIES = YES;
				CODE_SIGN_STYLE = Automatic;
				CURRENT_PROJECT_VERSION = 1;
				GENERATE_INFOPLIST_FILE = YES;
				MARKETING_VERSION = 1.0;
				PRODUCT_BUNDLE_IDENTIFIER = "weight-tracking-app.weight-tracker-appUITests";
				PRODUCT_NAME = "$(TARGET_NAME)";
				SWIFT_EMIT_LOC_STRINGS = NO;
				SWIFT_VERSION = 5.0;
				TARGETED_DEVICE_FAMILY = "1,2";
				TEST_TARGET_NAME = weight_tracker_app;
			};
			name = Release;
		};
/* End XCBuildConfiguration section */

/* Begin XCConfigurationList section */
		641546C72882135F005E9020 /* Build configuration list for PBXProject "weight_tracker_app" */ = {
			isa = XCConfigurationList;
			buildConfigurations = (
				641546EE28821360005E9020 /* Debug */,
				641546EF28821360005E9020 /* Release */,
			);
			defaultConfigurationIsVisible = 0;
			defaultConfigurationName = Release;
		};
		641546F028821360005E9020 /* Build configuration list for PBXNativeTarget "weight_tracker_app" */ = {
			isa = XCConfigurationList;
			buildConfigurations = (
				641546F128821360005E9020 /* Debug */,
				641546F228821360005E9020 /* Release */,
			);
			defaultConfigurationIsVisible = 0;
			defaultConfigurationName = Release;
		};
		641546F328821360005E9020 /* Build configuration list for PBXNativeTarget "weight_tracker_appTests" */ = {
			isa = XCConfigurationList;
			buildConfigurations = (
				641546F428821360005E9020 /* Debug */,
				641546F528821360005E9020 /* Release */,
			);
			defaultConfigurationIsVisible = 0;
			defaultConfigurationName = Release;
		};
		641546F628821360005E9020 /* Build configuration list for PBXNativeTarget "weight_tracker_appUITests" */ = {
			isa = XCConfigurationList;
			buildConfigurations = (
				641546F728821360005E9020 /* Debug */,
				641546F828821360005E9020 /* Release */,
			);
			defaultConfigurationIsVisible = 0;
			defaultConfigurationName = Release;
		};
/* End XCConfigurationList section */

/* Begin XCRemoteSwiftPackageReference section */
		64BF22EC2899CAE000BA6536 /* XCRemoteSwiftPackageReference "ChartView" */ = {
			isa = XCRemoteSwiftPackageReference;
			repositoryURL = "https://github.com/AppPear/ChartView.git";
			requirement = {
				kind = exactVersion;
				version = "2.0.0-beta.2";
			};
		};
/* End XCRemoteSwiftPackageReference section */

/* Begin XCSwiftPackageProductDependency section */
		64BF22ED2899CAE000BA6536 /* SwiftUICharts */ = {
			isa = XCSwiftPackageProductDependency;
			package = 64BF22EC2899CAE000BA6536 /* XCRemoteSwiftPackageReference "ChartView" */;
			productName = SwiftUICharts;
		};
/* End XCSwiftPackageProductDependency section */
	};
	rootObject = 641546C42882135F005E9020 /* Project object */;
}
